// !$*UTF8*$!
{
	archiveVersion = 1;
	classes = {
	};
	objectVersion = 77;
	objects = {

/* Begin PBXBuildFile section */
		02F13A560857DD6B123C6890 /* SendKit in Frameworks */ = {isa = PBXBuildFile; productRef = A2C60F763FBE2EA926FDC80F /* SendKit */; };
		1050E53D4AC8833765B1FA09 /* FinderExtension.appex in Embed Foundation Extensions */ = {isa = PBXBuildFile; fileRef = 9D3791952225F6B7EFD1A40B /* FinderExtension.appex */; settings = {ATTRIBUTES = (RemoveHeadersOnCopy, ); }; };
		19346C0B9A66AC007E27C31A /* ShareViewController.swift in Sources */ = {isa = PBXBuildFile; fileRef = 0048548A6681D80335C95F76 /* ShareViewController.swift */; };
		2EED7CCC19A600F4FF119D94 /* ShareViewController.swift in Sources */ = {isa = PBXBuildFile; fileRef = 6C213C339FFEED9116F8BDED /* ShareViewController.swift */; };
		3009698A4E8EA1EBE6F7D147 /* ShareToAnythingApp.swift in Sources */ = {isa = PBXBuildFile; fileRef = B8238938970AFDBE54857B7B /* ShareToAnythingApp.swift */; };
		3D1384F16057763C9712D6CA /* SendKitUI in Frameworks */ = {isa = PBXBuildFile; productRef = 277CD3EAAB4C7F8833283789 /* SendKitUI */; };
		42E89BC966144695469D91AC /* ShareToAnythingApp.swift in Sources */ = {isa = PBXBuildFile; fileRef = A0AFA7E05D475AD958670581 /* ShareToAnythingApp.swift */; };
		4BE446170DAD46D15DD734CE /* SendPanelController.swift in Sources */ = {isa = PBXBuildFile; fileRef = B838F6495260A63B55F68B85 /* SendPanelController.swift */; };
		611204A9C76BC6B56757CD37 /* SendKit in Frameworks */ = {isa = PBXBuildFile; productRef = 1217ED5FED6092542A56EEF4 /* SendKit */; };
		6B21BF52EEFB7BEAB4E10B71 /* Share-iOS.appex in Embed Foundation Extensions */ = {isa = PBXBuildFile; fileRef = 75A5C6333202006476CAC852 /* Share-iOS.appex */; settings = {ATTRIBUTES = (RemoveHeadersOnCopy, ); }; };
		76E4356CFB1715E48D7515DF /* SendKitUI in Frameworks */ = {isa = PBXBuildFile; productRef = DC80E9CCE540C491824E8E29 /* SendKitUI */; };
		801B1E1990B43EF784F33D6F /* MenuBarContent.swift in Sources */ = {isa = PBXBuildFile; fileRef = 92B3159F542A7AF0CE85D126 /* MenuBarContent.swift */; };
		812472961FB724F635337B90 /* SendKit in Frameworks */ = {isa = PBXBuildFile; productRef = 3B02C6714519F1008E62246D /* SendKit */; };
		8CC0ADDF582487F32FD7A3B8 /* FinderMenu.swift in Sources */ = {isa = PBXBuildFile; fileRef = D7EDCE2782DF025B457C5ABA /* FinderMenu.swift */; };
		8E663BE4B272AC5C5BEA81F9 /* Agent.swift in Sources */ = {isa = PBXBuildFile; fileRef = 325A45108463C985F63C5D52 /* Agent.swift */; };
		9C6609AC5ABA365727762647 /* SendKit in Frameworks */ = {isa = PBXBuildFile; productRef = 01BC63AE7484680E2AA67593 /* SendKit */; };
		9E76532B5FE6CFB925551134 /* SendKit in Frameworks */ = {isa = PBXBuildFile; productRef = 8EE7EC749436B51734CED2E7 /* SendKit */; };
		A3B371E5ED6E7B53B6645075 /* Share-macOS.appex in Embed Foundation Extensions */ = {isa = PBXBuildFile; fileRef = 7E5F79F2FCAB82311A1E4932 /* Share-macOS.appex */; settings = {ATTRIBUTES = (RemoveHeadersOnCopy, ); }; };
		D60AEA7C46371F7F06B27F5D /* SendKitUI in Frameworks */ = {isa = PBXBuildFile; productRef = 2DBC0555599AE1368D6D64A9 /* SendKitUI */; };
		E33B30370443360B34FD6517 /* SendKitUI in Frameworks */ = {isa = PBXBuildFile; productRef = F62D27355FCCA8C33E55A7CE /* SendKitUI */; };
		EFD603D858DA782E102D10C6 /* SettingsWindowController.swift in Sources */ = {isa = PBXBuildFile; fileRef = 3454B0F9700FAA3052A52629 /* SettingsWindowController.swift */; };
/* End PBXBuildFile section */

/* Begin PBXContainerItemProxy section */
		2709A245A06B9394F713034E /* PBXContainerItemProxy */ = {
			isa = PBXContainerItemProxy;
			containerPortal = 7B0ECF8E7E5291EC6C6881E0 /* Project object */;
			proxyType = 1;
			remoteGlobalIDString = FA1B03F4E2C8C98843C19EE3;
			remoteInfo = "Share-macOS";
		};
		A2DF7E9D96F7DFFAEA0371AF /* PBXContainerItemProxy */ = {
			isa = PBXContainerItemProxy;
			containerPortal = 7B0ECF8E7E5291EC6C6881E0 /* Project object */;
			proxyType = 1;
			remoteGlobalIDString = F89FE733B3C7F2832C656614;
			remoteInfo = "Share-iOS";
		};
		ED4E9176CDE952FF6DABACDC /* PBXContainerItemProxy */ = {
			isa = PBXContainerItemProxy;
			containerPortal = 7B0ECF8E7E5291EC6C6881E0 /* Project object */;
			proxyType = 1;
			remoteGlobalIDString = 66F3826D07FD50E7C4A47B58;
			remoteInfo = FinderExtension;
		};
/* End PBXContainerItemProxy section */

/* Begin PBXCopyFilesBuildPhase section */
		64AC97CBF45ED0FD618C2409 /* Embed Foundation Extensions */ = {
			isa = PBXCopyFilesBuildPhase;
			buildActionMask = 2147483647;
			dstPath = "";
			dstSubfolderSpec = 13;
			files = (
				1050E53D4AC8833765B1FA09 /* FinderExtension.appex in Embed Foundation Extensions */,
				A3B371E5ED6E7B53B6645075 /* Share-macOS.appex in Embed Foundation Extensions */,
			);
			name = "Embed Foundation Extensions";
			runOnlyForDeploymentPostprocessing = 0;
		};
		F3C1771D5DE11B905DFAC159 /* Embed Foundation Extensions */ = {
			isa = PBXCopyFilesBuildPhase;
			buildActionMask = 2147483647;
			dstPath = "";
			dstSubfolderSpec = 13;
			files = (
				6B21BF52EEFB7BEAB4E10B71 /* Share-iOS.appex in Embed Foundation Extensions */,
			);
			name = "Embed Foundation Extensions";
			runOnlyForDeploymentPostprocessing = 0;
		};
/* End PBXCopyFilesBuildPhase section */

/* Begin PBXFileReference section */
		0048548A6681D80335C95F76 /* ShareViewController.swift */ = {isa = PBXFileReference; lastKnownFileType = sourcecode.swift; path = ShareViewController.swift; sourceTree = "<group>"; };
		1B5349F2A1569D2F13397F00 /* Info.plist */ = {isa = PBXFileReference; lastKnownFileType = text.plist; path = Info.plist; sourceTree = "<group>"; };
		311C899BA0EB9374A6556E00 /* SendKit */ = {isa = PBXFileReference; lastKnownFileType = folder; name = SendKit; path = Packages/SendKit; sourceTree = SOURCE_ROOT; };
		325A45108463C985F63C5D52 /* Agent.swift */ = {isa = PBXFileReference; lastKnownFileType = sourcecode.swift; path = Agent.swift; sourceTree = "<group>"; };
		3454B0F9700FAA3052A52629 /* SettingsWindowController.swift */ = {isa = PBXFileReference; lastKnownFileType = sourcecode.swift; path = SettingsWindowController.swift; sourceTree = "<group>"; };
		49F4C27666043E46B1A3E22C /* Info.plist */ = {isa = PBXFileReference; lastKnownFileType = text.plist; path = Info.plist; sourceTree = "<group>"; };
		5614B8DF5322C134A87846A3 /* ShareToAnything-iOS.app */ = {isa = PBXFileReference; includeInIndex = 0; lastKnownFileType = wrapper.application; path = "ShareToAnything-iOS.app"; sourceTree = BUILT_PRODUCTS_DIR; };
		601169F2BA5A77B87C948DC5 /* ShareToAnything.entitlements */ = {isa = PBXFileReference; lastKnownFileType = text.plist.entitlements; path = ShareToAnything.entitlements; sourceTree = "<group>"; };
		6C213C339FFEED9116F8BDED /* ShareViewController.swift */ = {isa = PBXFileReference; lastKnownFileType = sourcecode.swift; path = ShareViewController.swift; sourceTree = "<group>"; };
		73FF40F971334BB4CBB1E474 /* Info.plist */ = {isa = PBXFileReference; lastKnownFileType = text.plist; path = Info.plist; sourceTree = "<group>"; };
		75A5C6333202006476CAC852 /* Share-iOS.appex */ = {isa = PBXFileReference; includeInIndex = 0; lastKnownFileType = "wrapper.app-extension"; path = "Share-iOS.appex"; sourceTree = BUILT_PRODUCTS_DIR; };
		7E5F79F2FCAB82311A1E4932 /* Share-macOS.appex */ = {isa = PBXFileReference; explicitFileType = "wrapper.app-extension"; includeInIndex = 0; path = "Share-macOS.appex"; sourceTree = BUILT_PRODUCTS_DIR; };
		891DC6B547621CA61EAA78B0 /* Info.plist */ = {isa = PBXFileReference; lastKnownFileType = text.plist; path = Info.plist; sourceTree = "<group>"; };
		8A4D5FB918862ED501CE876E /* ShareToAnything.entitlements */ = {isa = PBXFileReference; lastKnownFileType = text.plist.entitlements; path = ShareToAnything.entitlements; sourceTree = "<group>"; };
		92B3159F542A7AF0CE85D126 /* MenuBarContent.swift */ = {isa = PBXFileReference; lastKnownFileType = sourcecode.swift; path = MenuBarContent.swift; sourceTree = "<group>"; };
		9D3791952225F6B7EFD1A40B /* FinderExtension.appex */ = {isa = PBXFileReference; explicitFileType = "wrapper.app-extension"; includeInIndex = 0; path = FinderExtension.appex; sourceTree = BUILT_PRODUCTS_DIR; };
		A0AFA7E05D475AD958670581 /* ShareToAnythingApp.swift */ = {isa = PBXFileReference; lastKnownFileType = sourcecode.swift; path = ShareToAnythingApp.swift; sourceTree = "<group>"; };
		B8238938970AFDBE54857B7B /* ShareToAnythingApp.swift */ = {isa = PBXFileReference; lastKnownFileType = sourcecode.swift; path = ShareToAnythingApp.swift; sourceTree = "<group>"; };
		B838F6495260A63B55F68B85 /* SendPanelController.swift */ = {isa = PBXFileReference; lastKnownFileType = sourcecode.swift; path = SendPanelController.swift; sourceTree = "<group>"; };
		BA05861CD258146DA38EDC36 /* Share.entitlements */ = {isa = PBXFileReference; lastKnownFileType = text.plist.entitlements; path = Share.entitlements; sourceTree = "<group>"; };
		D7EDCE2782DF025B457C5ABA /* FinderMenu.swift */ = {isa = PBXFileReference; lastKnownFileType = sourcecode.swift; path = FinderMenu.swift; sourceTree = "<group>"; };
		E146F42A9BF70816151B8E94 /* Share.entitlements */ = {isa = PBXFileReference; lastKnownFileType = text.plist.entitlements; path = Share.entitlements; sourceTree = "<group>"; };
		E67F95BFE2D014975C70A492 /* Info.plist */ = {isa = PBXFileReference; lastKnownFileType = text.plist; path = Info.plist; sourceTree = "<group>"; };
		E913C8977E3E12639A00B403 /* ShareToAnything-macOS.app */ = {isa = PBXFileReference; explicitFileType = wrapper.application; includeInIndex = 0; path = "ShareToAnything-macOS.app"; sourceTree = BUILT_PRODUCTS_DIR; };
		F66E2A2E54E27E0B531CD3BC /* FinderExtension.entitlements */ = {isa = PBXFileReference; lastKnownFileType = text.plist.entitlements; path = FinderExtension.entitlements; sourceTree = "<group>"; };
/* End PBXFileReference section */

/* Begin PBXFrameworksBuildPhase section */
		2A5F1421EEF2CF66E59814E4 /* Frameworks */ = {
			isa = PBXFrameworksBuildPhase;
			buildActionMask = 2147483647;
			files = (
				611204A9C76BC6B56757CD37 /* SendKit in Frameworks */,
				D60AEA7C46371F7F06B27F5D /* SendKitUI in Frameworks */,
			);
			runOnlyForDeploymentPostprocessing = 0;
		};
		5329D1B573420A10547C13B7 /* Frameworks */ = {
			isa = PBXFrameworksBuildPhase;
			buildActionMask = 2147483647;
			files = (
				9E76532B5FE6CFB925551134 /* SendKit in Frameworks */,
				76E4356CFB1715E48D7515DF /* SendKitUI in Frameworks */,
			);
			runOnlyForDeploymentPostprocessing = 0;
		};
		C1418CABF5F7CC7EF0C4770A /* Frameworks */ = {
			isa = PBXFrameworksBuildPhase;
			buildActionMask = 2147483647;
			files = (
				02F13A560857DD6B123C6890 /* SendKit in Frameworks */,
				3D1384F16057763C9712D6CA /* SendKitUI in Frameworks */,
			);
			runOnlyForDeploymentPostprocessing = 0;
		};
		DA3DF50FEDCCA39B234C148A /* Frameworks */ = {
			isa = PBXFrameworksBuildPhase;
			buildActionMask = 2147483647;
			files = (
				9C6609AC5ABA365727762647 /* SendKit in Frameworks */,
				E33B30370443360B34FD6517 /* SendKitUI in Frameworks */,
			);
			runOnlyForDeploymentPostprocessing = 0;
		};
		ED587F45B7BF232879A752DE /* Frameworks */ = {
			isa = PBXFrameworksBuildPhase;
			buildActionMask = 2147483647;
			files = (
				812472961FB724F635337B90 /* SendKit in Frameworks */,
			);
			runOnlyForDeploymentPostprocessing = 0;
		};
/* End PBXFrameworksBuildPhase section */

/* Begin PBXGroup section */
		1912F2451B61279B42C2C159 /* Products */ = {
			isa = PBXGroup;
			children = (
				9D3791952225F6B7EFD1A40B /* FinderExtension.appex */,
				75A5C6333202006476CAC852 /* Share-iOS.appex */,
				7E5F79F2FCAB82311A1E4932 /* Share-macOS.appex */,
				5614B8DF5322C134A87846A3 /* ShareToAnything-iOS.app */,
				E913C8977E3E12639A00B403 /* ShareToAnything-macOS.app */,
			);
			name = Products;
			sourceTree = "<group>";
		};
		3A4C1282D60A29054DAC14AD /* macOS */ = {
			isa = PBXGroup;
			children = (
				325A45108463C985F63C5D52 /* Agent.swift */,
				1B5349F2A1569D2F13397F00 /* Info.plist */,
				92B3159F542A7AF0CE85D126 /* MenuBarContent.swift */,
				B838F6495260A63B55F68B85 /* SendPanelController.swift */,
				3454B0F9700FAA3052A52629 /* SettingsWindowController.swift */,
				601169F2BA5A77B87C948DC5 /* ShareToAnything.entitlements */,
				A0AFA7E05D475AD958670581 /* ShareToAnythingApp.swift */,
			);
			path = macOS;
			sourceTree = "<group>";
		};
		5B5A65248F2B9F2E37E695F8 /* iOS */ = {
			isa = PBXGroup;
			children = (
				E67F95BFE2D014975C70A492 /* Info.plist */,
				8A4D5FB918862ED501CE876E /* ShareToAnything.entitlements */,
				B8238938970AFDBE54857B7B /* ShareToAnythingApp.swift */,
			);
			path = iOS;
			sourceTree = "<group>";
		};
		726977B7829332AE25372BD6 /* App */ = {
			isa = PBXGroup;
			children = (
				5B5A65248F2B9F2E37E695F8 /* iOS */,
				3A4C1282D60A29054DAC14AD /* macOS */,
			);
			path = App;
			sourceTree = "<group>";
		};
		8E56DC78430ED9B0178E5765 /* Extensions */ = {
			isa = PBXGroup;
			children = (
				E824A6CE7162BD23F9D1255F /* FinderExtension */,
				E40361164691FE098C4295F1 /* ShareiOS */,
				BCA6E2F60C66C8429989768E /* ShareMac */,
			);
			path = Extensions;
			sourceTree = "<group>";
		};
		BCA6E2F60C66C8429989768E /* ShareMac */ = {
			isa = PBXGroup;
			children = (
				49F4C27666043E46B1A3E22C /* Info.plist */,
				E146F42A9BF70816151B8E94 /* Share.entitlements */,
				6C213C339FFEED9116F8BDED /* ShareViewController.swift */,
			);
			path = ShareMac;
			sourceTree = "<group>";
		};
		E33FD3E4DE2B7448DD144EF8 /* Packages */ = {
			isa = PBXGroup;
			children = (
				311C899BA0EB9374A6556E00 /* SendKit */,
			);
			path = Packages;
			sourceTree = "<group>";
		};
		E40361164691FE098C4295F1 /* ShareiOS */ = {
			isa = PBXGroup;
			children = (
				73FF40F971334BB4CBB1E474 /* Info.plist */,
				BA05861CD258146DA38EDC36 /* Share.entitlements */,
				0048548A6681D80335C95F76 /* ShareViewController.swift */,
			);
			path = ShareiOS;
			sourceTree = "<group>";
		};
		E824A6CE7162BD23F9D1255F /* FinderExtension */ = {
			isa = PBXGroup;
			children = (
				F66E2A2E54E27E0B531CD3BC /* FinderExtension.entitlements */,
				D7EDCE2782DF025B457C5ABA /* FinderMenu.swift */,
				891DC6B547621CA61EAA78B0 /* Info.plist */,
			);
			path = FinderExtension;
			sourceTree = "<group>";
		};
		F01D999FCA4783D1A8BF8D5B = {
			isa = PBXGroup;
			children = (
				726977B7829332AE25372BD6 /* App */,
				8E56DC78430ED9B0178E5765 /* Extensions */,
				E33FD3E4DE2B7448DD144EF8 /* Packages */,
				1912F2451B61279B42C2C159 /* Products */,
			);
			sourceTree = "<group>";
		};
/* End PBXGroup section */

/* Begin PBXNativeTarget section */
		57C1169DB2D1E79EE053D81F /* ShareToAnything-iOS */ = {
			isa = PBXNativeTarget;
			buildConfigurationList = C5A1CE35A8939BF276B48FF3 /* Build configuration list for PBXNativeTarget "ShareToAnything-iOS" */;
			buildPhases = (
				9DFFD8869FC8A1F984F3DD1A /* Sources */,
				DA3DF50FEDCCA39B234C148A /* Frameworks */,
				F3C1771D5DE11B905DFAC159 /* Embed Foundation Extensions */,
			);
			buildRules = (
			);
			dependencies = (
				D75DAA7003DE076FAC058A88 /* PBXTargetDependency */,
			);
			name = "ShareToAnything-iOS";
			packageProductDependencies = (
				01BC63AE7484680E2AA67593 /* SendKit */,
				F62D27355FCCA8C33E55A7CE /* SendKitUI */,
			);
			productName = "ShareToAnything-iOS";
			productReference = 5614B8DF5322C134A87846A3 /* ShareToAnything-iOS.app */;
			productType = "com.apple.product-type.application";
		};
		66F3826D07FD50E7C4A47B58 /* FinderExtension */ = {
			isa = PBXNativeTarget;
			buildConfigurationList = B1D647287399D91E70695D70 /* Build configuration list for PBXNativeTarget "FinderExtension" */;
			buildPhases = (
				2106C663DC5CF039F12E982D /* Sources */,
				ED587F45B7BF232879A752DE /* Frameworks */,
			);
			buildRules = (
			);
			dependencies = (
			);
			name = FinderExtension;
			packageProductDependencies = (
				3B02C6714519F1008E62246D /* SendKit */,
			);
			productName = FinderExtension;
			productReference = 9D3791952225F6B7EFD1A40B /* FinderExtension.appex */;
			productType = "com.apple.product-type.app-extension";
		};
		A8275F46E772E21DAD6D5C87 /* ShareToAnything-macOS */ = {
			isa = PBXNativeTarget;
			buildConfigurationList = F57BF79F5503AAD3B8BC8F05 /* Build configuration list for PBXNativeTarget "ShareToAnything-macOS" */;
			buildPhases = (
				73D0E317823079AAF81E9964 /* Sources */,
				2A5F1421EEF2CF66E59814E4 /* Frameworks */,
				64AC97CBF45ED0FD618C2409 /* Embed Foundation Extensions */,
			);
			buildRules = (
			);
			dependencies = (
				392FEB991C6DEFAA4C0714CC /* PBXTargetDependency */,
				FDD5376671AE116C97210252 /* PBXTargetDependency */,
			);
			name = "ShareToAnything-macOS";
			packageProductDependencies = (
				1217ED5FED6092542A56EEF4 /* SendKit */,
				2DBC0555599AE1368D6D64A9 /* SendKitUI */,
			);
			productName = "ShareToAnything-macOS";
			productReference = E913C8977E3E12639A00B403 /* ShareToAnything-macOS.app */;
			productType = "com.apple.product-type.application";
		};
		F89FE733B3C7F2832C656614 /* Share-iOS */ = {
			isa = PBXNativeTarget;
			buildConfigurationList = 196341ED221149342456C914 /* Build configuration list for PBXNativeTarget "Share-iOS" */;
			buildPhases = (
				C9BA049BED531CE3D9EC66A2 /* Sources */,
				C1418CABF5F7CC7EF0C4770A /* Frameworks */,
			);
			buildRules = (
			);
			dependencies = (
			);
			name = "Share-iOS";
			packageProductDependencies = (
				A2C60F763FBE2EA926FDC80F /* SendKit */,
				277CD3EAAB4C7F8833283789 /* SendKitUI */,
			);
			productName = "Share-iOS";
			productReference = 75A5C6333202006476CAC852 /* Share-iOS.appex */;
			productType = "com.apple.product-type.app-extension";
		};
		FA1B03F4E2C8C98843C19EE3 /* Share-macOS */ = {
			isa = PBXNativeTarget;
			buildConfigurationList = 3D51E0F1E94DBD8400F6080C /* Build configuration list for PBXNativeTarget "Share-macOS" */;
			buildPhases = (
				7FC4F8C5AB1D94741D094F04 /* Sources */,
				5329D1B573420A10547C13B7 /* Frameworks */,
			);
			buildRules = (
			);
			dependencies = (
			);
			name = "Share-macOS";
			packageProductDependencies = (
				8EE7EC749436B51734CED2E7 /* SendKit */,
				DC80E9CCE540C491824E8E29 /* SendKitUI */,
			);
			productName = "Share-macOS";
			productReference = 7E5F79F2FCAB82311A1E4932 /* Share-macOS.appex */;
			productType = "com.apple.product-type.app-extension";
		};
/* End PBXNativeTarget section */

/* Begin PBXProject section */
		7B0ECF8E7E5291EC6C6881E0 /* Project object */ = {
			isa = PBXProject;
			attributes = {
				BuildIndependentTargetsInParallel = YES;
				LastUpgradeCheck = 1430;
				TargetAttributes = {
					57C1169DB2D1E79EE053D81F = {
						DevelopmentTeam = 493257NQK3;
						ProvisioningStyle = Automatic;
					};
					66F3826D07FD50E7C4A47B58 = {
						DevelopmentTeam = 493257NQK3;
						ProvisioningStyle = Automatic;
					};
					A8275F46E772E21DAD6D5C87 = {
						DevelopmentTeam = 493257NQK3;
						ProvisioningStyle = Automatic;
					};
					F89FE733B3C7F2832C656614 = {
						DevelopmentTeam = 493257NQK3;
						ProvisioningStyle = Automatic;
					};
					FA1B03F4E2C8C98843C19EE3 = {
						DevelopmentTeam = 493257NQK3;
						ProvisioningStyle = Automatic;
					};
				};
			};
			buildConfigurationList = FA5CBB0622EDFE143B012E1D /* Build configuration list for PBXProject "ShareToAnything" */;
			developmentRegion = en;
			hasScannedForEncodings = 0;
			knownRegions = (
				Base,
				en,
			);
			mainGroup = F01D999FCA4783D1A8BF8D5B;
			minimizedProjectReferenceProxies = 1;
			packageReferences = (
				68BD40A314F442549FCBB9F8 /* XCLocalSwiftPackageReference "Packages/SendKit" */,
			);
			preferredProjectObjectVersion = 77;
			productRefGroup = 1912F2451B61279B42C2C159 /* Products */;
			projectDirPath = "";
			projectRoot = "";
			targets = (
				A8275F46E772E21DAD6D5C87 /* ShareToAnything-macOS */,
				66F3826D07FD50E7C4A47B58 /* FinderExtension */,
				FA1B03F4E2C8C98843C19EE3 /* Share-macOS */,
				57C1169DB2D1E79EE053D81F /* ShareToAnything-iOS */,
				F89FE733B3C7F2832C656614 /* Share-iOS */,
			);
		};
/* End PBXProject section */

/* Begin PBXSourcesBuildPhase section */
		2106C663DC5CF039F12E982D /* Sources */ = {
			isa = PBXSourcesBuildPhase;
			buildActionMask = 2147483647;
			files = (
				8CC0ADDF582487F32FD7A3B8 /* FinderMenu.swift in Sources */,
			);
			runOnlyForDeploymentPostprocessing = 0;
		};
		73D0E317823079AAF81E9964 /* Sources */ = {
			isa = PBXSourcesBuildPhase;
			buildActionMask = 2147483647;
			files = (
				8E663BE4B272AC5C5BEA81F9 /* Agent.swift in Sources */,
				801B1E1990B43EF784F33D6F /* MenuBarContent.swift in Sources */,
				4BE446170DAD46D15DD734CE /* SendPanelController.swift in Sources */,
				EFD603D858DA782E102D10C6 /* SettingsWindowController.swift in Sources */,
				42E89BC966144695469D91AC /* ShareToAnythingApp.swift in Sources */,
			);
			runOnlyForDeploymentPostprocessing = 0;
		};
		7FC4F8C5AB1D94741D094F04 /* Sources */ = {
			isa = PBXSourcesBuildPhase;
			buildActionMask = 2147483647;
			files = (
				2EED7CCC19A600F4FF119D94 /* ShareViewController.swift in Sources */,
			);
			runOnlyForDeploymentPostprocessing = 0;
		};
		9DFFD8869FC8A1F984F3DD1A /* Sources */ = {
			isa = PBXSourcesBuildPhase;
			buildActionMask = 2147483647;
			files = (
				3009698A4E8EA1EBE6F7D147 /* ShareToAnythingApp.swift in Sources */,
			);
			runOnlyForDeploymentPostprocessing = 0;
		};
		C9BA049BED531CE3D9EC66A2 /* Sources */ = {
			isa = PBXSourcesBuildPhase;
			buildActionMask = 2147483647;
			files = (
				19346C0B9A66AC007E27C31A /* ShareViewController.swift in Sources */,
			);
			runOnlyForDeploymentPostprocessing = 0;
		};
/* End PBXSourcesBuildPhase section */

/* Begin PBXTargetDependency section */
		392FEB991C6DEFAA4C0714CC /* PBXTargetDependency */ = {
			isa = PBXTargetDependency;
			target = 66F3826D07FD50E7C4A47B58 /* FinderExtension */;
			targetProxy = ED4E9176CDE952FF6DABACDC /* PBXContainerItemProxy */;
		};
		D75DAA7003DE076FAC058A88 /* PBXTargetDependency */ = {
			isa = PBXTargetDependency;
			target = F89FE733B3C7F2832C656614 /* Share-iOS */;
			targetProxy = A2DF7E9D96F7DFFAEA0371AF /* PBXContainerItemProxy */;
		};
		FDD5376671AE116C97210252 /* PBXTargetDependency */ = {
			isa = PBXTargetDependency;
			target = FA1B03F4E2C8C98843C19EE3 /* Share-macOS */;
			targetProxy = 2709A245A06B9394F713034E /* PBXContainerItemProxy */;
		};
/* End PBXTargetDependency section */

/* Begin XCBuildConfiguration section */
		2B04158DFB212C311080275D /* Release */ = {
			isa = XCBuildConfiguration;
			buildSettings = {
				ASSETCATALOG_COMPILER_APPICON_NAME = AppIcon;
				CODE_SIGN_ENTITLEMENTS = App/iOS/ShareToAnything.entitlements;
				CODE_SIGN_IDENTITY = "iPhone Developer";
				INFOPLIST_FILE = App/iOS/Info.plist;
				LD_RUNPATH_SEARCH_PATHS = (
					"$(inherited)",
					"@executable_path/Frameworks",
				);
				PRODUCT_BUNDLE_IDENTIFIER = "$(APP_BUNDLE_ID)";
				PRODUCT_NAME = "Share to Anything";
				SDKROOT = iphoneos;
				SUPPORTS_MACCATALYST = NO;
				SUPPORTS_MAC_DESIGNED_FOR_IPHONE_IPAD = NO;
				TARGETED_DEVICE_FAMILY = "1,2";
			};
			name = Release;
		};
		423EEF7F6963E14B0F32D2F9 /* Debug */ = {
			isa = XCBuildConfiguration;
			buildSettings = {
				CODE_SIGN_ENTITLEMENTS = Extensions/ShareiOS/Share.entitlements;
				INFOPLIST_FILE = Extensions/ShareiOS/Info.plist;
				LD_RUNPATH_SEARCH_PATHS = (
					"$(inherited)",
					"@executable_path/Frameworks",
					"@executable_path/../../Frameworks",
				);
				PRODUCT_BUNDLE_IDENTIFIER = "$(APP_BUNDLE_ID).Share";
				SDKROOT = iphoneos;
				TARGETED_DEVICE_FAMILY = "1,2";
			};
			name = Debug;
		};
		46D422BC0D1ABBEA1A6FDB4C /* Release */ = {
			isa = XCBuildConfiguration;
			buildSettings = {
				ASSETCATALOG_COMPILER_APPICON_NAME = AppIcon;
				CODE_SIGN_ENTITLEMENTS = App/macOS/ShareToAnything.entitlements;
				COMBINE_HIDPI_IMAGES = YES;
				ENABLE_HARDENED_RUNTIME = YES;
				GENERATE_INFOPLIST_FILE = NO;
				INFOPLIST_FILE = App/macOS/Info.plist;
				LD_RUNPATH_SEARCH_PATHS = (
					"$(inherited)",
					"@executable_path/../Frameworks",
				);
				PRODUCT_BUNDLE_IDENTIFIER = "$(APP_BUNDLE_ID)";
				PRODUCT_NAME = "Share to Anything";
				SDKROOT = macosx;
			};
			name = Release;
		};
		497D3F9BE3406E7F152CA81E /* Release */ = {
			isa = XCBuildConfiguration;
			buildSettings = {
				CODE_SIGN_ENTITLEMENTS = Extensions/ShareMac/Share.entitlements;
				COMBINE_HIDPI_IMAGES = YES;
				ENABLE_HARDENED_RUNTIME = YES;
				INFOPLIST_FILE = Extensions/ShareMac/Info.plist;
				LD_RUNPATH_SEARCH_PATHS = (
					"$(inherited)",
					"@executable_path/../Frameworks",
					"@executable_path/../../../../Frameworks",
				);
				PRODUCT_BUNDLE_IDENTIFIER = "$(APP_BUNDLE_ID).Share";
				SDKROOT = macosx;
			};
			name = Release;
		};
		681AC063C84C04A4F1930314 /* Release */ = {
			isa = XCBuildConfiguration;
			buildSettings = {
				CODE_SIGN_ENTITLEMENTS = Extensions/ShareiOS/Share.entitlements;
				INFOPLIST_FILE = Extensions/ShareiOS/Info.plist;
				LD_RUNPATH_SEARCH_PATHS = (
					"$(inherited)",
					"@executable_path/Frameworks",
					"@executable_path/../../Frameworks",
				);
				PRODUCT_BUNDLE_IDENTIFIER = "$(APP_BUNDLE_ID).Share";
				SDKROOT = iphoneos;
				TARGETED_DEVICE_FAMILY = "1,2";
			};
			name = Release;
		};
		685E5A2FA7070FE3C2DFAED7 /* Debug */ = {
			isa = XCBuildConfiguration;
			buildSettings = {
				ALWAYS_SEARCH_USER_PATHS = NO;
				APP_BUNDLE_ID = "dk.creativeoak.share-to-anything";
				APP_GROUP_ID = "group.dk.creativeoak.share-to-anything";
				"APP_GROUP_ID[sdk=macosx*]" = "$(DEVELOPMENT_TEAM).dk.creativeoak.share-to-anything";
				CLANG_ANALYZER_NONNULL = YES;
				CLANG_ANALYZER_NUMBER_OBJECT_CONVERSION = YES_AGGRESSIVE;
				CLANG_CXX_LANGUAGE_STANDARD = "gnu++14";
				CLANG_CXX_LIBRARY = "libc++";
				CLANG_ENABLE_MODULES = YES;
				CLANG_ENABLE_OBJC_ARC = YES;
				CLANG_ENABLE_OBJC_WEAK = YES;
				CLANG_WARN_BLOCK_CAPTURE_AUTORELEASING = YES;
				CLANG_WARN_BOOL_CONVERSION = YES;
				CLANG_WARN_COMMA = YES;
				CLANG_WARN_CONSTANT_CONVERSION = YES;
				CLANG_WARN_DEPRECATED_OBJC_IMPLEMENTATIONS = YES;
				CLANG_WARN_DIRECT_OBJC_ISA_USAGE = YES_ERROR;
				CLANG_WARN_DOCUMENTATION_COMMENTS = YES;
				CLANG_WARN_EMPTY_BODY = YES;
				CLANG_WARN_ENUM_CONVERSION = YES;
				CLANG_WARN_INFINITE_RECURSION = YES;
				CLANG_WARN_INT_CONVERSION = YES;
				CLANG_WARN_NON_LITERAL_NULL_CONVERSION = YES;
				CLANG_WARN_OBJC_IMPLICIT_RETAIN_SELF = YES;
				CLANG_WARN_OBJC_LITERAL_CONVERSION = YES;
				CLANG_WARN_OBJC_ROOT_CLASS = YES_ERROR;
				CLANG_WARN_QUOTED_INCLUDE_IN_FRAMEWORK_HEADER = YES;
				CLANG_WARN_RANGE_LOOP_ANALYSIS = YES;
				CLANG_WARN_STRICT_PROTOTYPES = YES;
				CLANG_WARN_SUSPICIOUS_MOVE = YES;
				CLANG_WARN_UNGUARDED_AVAILABILITY = YES_AGGRESSIVE;
				CLANG_WARN_UNREACHABLE_CODE = YES;
				CLANG_WARN__DUPLICATE_METHOD_MATCH = YES;
				CODE_SIGN_STYLE = Automatic;
				COPY_PHASE_STRIP = NO;
				CURRENT_PROJECT_VERSION = 1;
				DEBUG_INFORMATION_FORMAT = dwarf;
				DEVELOPMENT_TEAM = 493257NQK3;
				ENABLE_STRICT_OBJC_MSGSEND = YES;
				ENABLE_TESTABILITY = YES;
				ENABLE_USER_SCRIPT_SANDBOXING = YES;
				GCC_C_LANGUAGE_STANDARD = gnu11;
				GCC_DYNAMIC_NO_PIC = NO;
				GCC_NO_COMMON_BLOCKS = YES;
				GCC_OPTIMIZATION_LEVEL = 0;
				GCC_PREPROCESSOR_DEFINITIONS = (
					"$(inherited)",
					"DEBUG=1",
				);
				GCC_WARN_64_TO_32_BIT_CONVERSION = YES;
				GCC_WARN_ABOUT_RETURN_TYPE = YES_ERROR;
				GCC_WARN_UNDECLARED_SELECTOR = YES;
				GCC_WARN_UNINITIALIZED_AUTOS = YES_AGGRESSIVE;
				GCC_WARN_UNUSED_FUNCTION = YES;
				GCC_WARN_UNUSED_VARIABLE = YES;
				IPHONEOS_DEPLOYMENT_TARGET = 26.0;
				MACOSX_DEPLOYMENT_TARGET = 26.0;
				MARKETING_VERSION = 1.0;
				MTL_ENABLE_DEBUG_INFO = INCLUDE_SOURCE;
				MTL_FAST_MATH = YES;
				ONLY_ACTIVE_ARCH = YES;
				PRODUCT_NAME = "$(TARGET_NAME)";
				SWIFT_ACTIVE_COMPILATION_CONDITIONS = DEBUG;
				SWIFT_OPTIMIZATION_LEVEL = "-Onone";
				SWIFT_VERSION = 5.0;
			};
			name = Debug;
		};
		7504EDAE6D6A655D737E6A4C /* Debug */ = {
			isa = XCBuildConfiguration;
			buildSettings = {
				CODE_SIGN_ENTITLEMENTS = Extensions/ShareMac/Share.entitlements;
				COMBINE_HIDPI_IMAGES = YES;
				ENABLE_HARDENED_RUNTIME = YES;
				INFOPLIST_FILE = Extensions/ShareMac/Info.plist;
				LD_RUNPATH_SEARCH_PATHS = (
					"$(inherited)",
					"@executable_path/../Frameworks",
					"@executable_path/../../../../Frameworks",
				);
				PRODUCT_BUNDLE_IDENTIFIER = "$(APP_BUNDLE_ID).Share";
				SDKROOT = macosx;
			};
			name = Debug;
		};
		7AA332BA9C5E0C8531EA50AA /* Release */ = {
			isa = XCBuildConfiguration;
			buildSettings = {
				ALWAYS_SEARCH_USER_PATHS = NO;
				APP_BUNDLE_ID = "dk.creativeoak.share-to-anything";
				APP_GROUP_ID = "group.dk.creativeoak.share-to-anything";
				"APP_GROUP_ID[sdk=macosx*]" = "$(DEVELOPMENT_TEAM).dk.creativeoak.share-to-anything";
				CLANG_ANALYZER_NONNULL = YES;
				CLANG_ANALYZER_NUMBER_OBJECT_CONVERSION = YES_AGGRESSIVE;
				CLANG_CXX_LANGUAGE_STANDARD = "gnu++14";
				CLANG_CXX_LIBRARY = "libc++";
				CLANG_ENABLE_MODULES = YES;
				CLANG_ENABLE_OBJC_ARC = YES;
				CLANG_ENABLE_OBJC_WEAK = YES;
				CLANG_WARN_BLOCK_CAPTURE_AUTORELEASING = YES;
				CLANG_WARN_BOOL_CONVERSION = YES;
				CLANG_WARN_COMMA = YES;
				CLANG_WARN_CONSTANT_CONVERSION = YES;
				CLANG_WARN_DEPRECATED_OBJC_IMPLEMENTATIONS = YES;
				CLANG_WARN_DIRECT_OBJC_ISA_USAGE = YES_ERROR;
				CLANG_WARN_DOCUMENTATION_COMMENTS = YES;
				CLANG_WARN_EMPTY_BODY = YES;
				CLANG_WARN_ENUM_CONVERSION = YES;
				CLANG_WARN_INFINITE_RECURSION = YES;
				CLANG_WARN_INT_CONVERSION = YES;
				CLANG_WARN_NON_LITERAL_NULL_CONVERSION = YES;
				CLANG_WARN_OBJC_IMPLICIT_RETAIN_SELF = YES;
				CLANG_WARN_OBJC_LITERAL_CONVERSION = YES;
				CLANG_WARN_OBJC_ROOT_CLASS = YES_ERROR;
				CLANG_WARN_QUOTED_INCLUDE_IN_FRAMEWORK_HEADER = YES;
				CLANG_WARN_RANGE_LOOP_ANALYSIS = YES;
				CLANG_WARN_STRICT_PROTOTYPES = YES;
				CLANG_WARN_SUSPICIOUS_MOVE = YES;
				CLANG_WARN_UNGUARDED_AVAILABILITY = YES_AGGRESSIVE;
				CLANG_WARN_UNREACHABLE_CODE = YES;
				CLANG_WARN__DUPLICATE_METHOD_MATCH = YES;
				CODE_SIGN_STYLE = Automatic;
				COPY_PHASE_STRIP = NO;
				CURRENT_PROJECT_VERSION = 1;
				DEBUG_INFORMATION_FORMAT = "dwarf-with-dsym";
				DEVELOPMENT_TEAM = 493257NQK3;
				ENABLE_NS_ASSERTIONS = NO;
				ENABLE_STRICT_OBJC_MSGSEND = YES;
				ENABLE_USER_SCRIPT_SANDBOXING = YES;
				GCC_C_LANGUAGE_STANDARD = gnu11;
				GCC_NO_COMMON_BLOCKS = YES;
				GCC_WARN_64_TO_32_BIT_CONVERSION = YES;
				GCC_WARN_ABOUT_RETURN_TYPE = YES_ERROR;
				GCC_WARN_UNDECLARED_SELECTOR = YES;
				GCC_WARN_UNINITIALIZED_AUTOS = YES_AGGRESSIVE;
				GCC_WARN_UNUSED_FUNCTION = YES;
				GCC_WARN_UNUSED_VARIABLE = YES;
				IPHONEOS_DEPLOYMENT_TARGET = 26.0;
				MACOSX_DEPLOYMENT_TARGET = 26.0;
				MARKETING_VERSION = 1.0;
				MTL_ENABLE_DEBUG_INFO = NO;
				MTL_FAST_MATH = YES;
				PRODUCT_NAME = "$(TARGET_NAME)";
				SWIFT_COMPILATION_MODE = wholemodule;
				SWIFT_OPTIMIZATION_LEVEL = "-O";
				SWIFT_VERSION = 5.0;
			};
			name = Release;
		};
		A3608CC3C45649E8EF837602 /* Debug */ = {
			isa = XCBuildConfiguration;
			buildSettings = {
				CODE_SIGN_ENTITLEMENTS = Extensions/FinderExtension/FinderExtension.entitlements;
				COMBINE_HIDPI_IMAGES = YES;
				ENABLE_HARDENED_RUNTIME = YES;
				INFOPLIST_FILE = Extensions/FinderExtension/Info.plist;
				LD_RUNPATH_SEARCH_PATHS = (
					"$(inherited)",
					"@executable_path/../Frameworks",
					"@executable_path/../../../../Frameworks",
				);
				PRODUCT_BUNDLE_IDENTIFIER = "$(APP_BUNDLE_ID).FinderSync";
				SDKROOT = macosx;
			};
			name = Debug;
		};
		B1A19C6A0F86F4544890609C /* Debug */ = {
			isa = XCBuildConfiguration;
			buildSettings = {
				ASSETCATALOG_COMPILER_APPICON_NAME = AppIcon;
				CODE_SIGN_ENTITLEMENTS = App/iOS/ShareToAnything.entitlements;
				CODE_SIGN_IDENTITY = "iPhone Developer";
				INFOPLIST_FILE = App/iOS/Info.plist;
				LD_RUNPATH_SEARCH_PATHS = (
					"$(inherited)",
					"@executable_path/Frameworks",
				);
				PRODUCT_BUNDLE_IDENTIFIER = "$(APP_BUNDLE_ID)";
				PRODUCT_NAME = "Share to Anything";
				SDKROOT = iphoneos;
				SUPPORTS_MACCATALYST = NO;
				SUPPORTS_MAC_DESIGNED_FOR_IPHONE_IPAD = NO;
				TARGETED_DEVICE_FAMILY = "1,2";
			};
			name = Debug;
		};
		B677573A7853B18C0D2AA00E /* Release */ = {
			isa = XCBuildConfiguration;
			buildSettings = {
				CODE_SIGN_ENTITLEMENTS = Extensions/FinderExtension/FinderExtension.entitlements;
				COMBINE_HIDPI_IMAGES = YES;
				ENABLE_HARDENED_RUNTIME = YES;
				INFOPLIST_FILE = Extensions/FinderExtension/Info.plist;
				LD_RUNPATH_SEARCH_PATHS = (
					"$(inherited)",
					"@executable_path/../Frameworks",
					"@executable_path/../../../../Frameworks",
				);
				PRODUCT_BUNDLE_IDENTIFIER = "$(APP_BUNDLE_ID).FinderSync";
				SDKROOT = macosx;
			};
			name = Release;
		};
		BE264C48830DBD05EC955098 /* Debug */ = {
			isa = XCBuildConfiguration;
			buildSettings = {
				ASSETCATALOG_COMPILER_APPICON_NAME = AppIcon;
				CODE_SIGN_ENTITLEMENTS = App/macOS/ShareToAnything.entitlements;
				COMBINE_HIDPI_IMAGES = YES;
				ENABLE_HARDENED_RUNTIME = YES;
				GENERATE_INFOPLIST_FILE = NO;
				INFOPLIST_FILE = App/macOS/Info.plist;
				LD_RUNPATH_SEARCH_PATHS = (
					"$(inherited)",
					"@executable_path/../Frameworks",
				);
				PRODUCT_BUNDLE_IDENTIFIER = "$(APP_BUNDLE_ID)";
				PRODUCT_NAME = "Share to Anything";
				SDKROOT = macosx;
			};
			name = Debug;
		};
/* End XCBuildConfiguration section */

/* Begin XCConfigurationList section */
		196341ED221149342456C914 /* Build configuration list for PBXNativeTarget "Share-iOS" */ = {
			isa = XCConfigurationList;
			buildConfigurations = (
				423EEF7F6963E14B0F32D2F9 /* Debug */,
				681AC063C84C04A4F1930314 /* Release */,
			);
			defaultConfigurationIsVisible = 0;
			defaultConfigurationName = Debug;
		};
		3D51E0F1E94DBD8400F6080C /* Build configuration list for PBXNativeTarget "Share-macOS" */ = {
			isa = XCConfigurationList;
			buildConfigurations = (
				7504EDAE6D6A655D737E6A4C /* Debug */,
				497D3F9BE3406E7F152CA81E /* Release */,
			);
			defaultConfigurationIsVisible = 0;
			defaultConfigurationName = Debug;
		};
		B1D647287399D91E70695D70 /* Build configuration list for PBXNativeTarget "FinderExtension" */ = {
			isa = XCConfigurationList;
			buildConfigurations = (
				A3608CC3C45649E8EF837602 /* Debug */,
				B677573A7853B18C0D2AA00E /* Release */,
			);
			defaultConfigurationIsVisible = 0;
			defaultConfigurationName = Debug;
		};
		C5A1CE35A8939BF276B48FF3 /* Build configuration list for PBXNativeTarget "ShareToAnything-iOS" */ = {
			isa = XCConfigurationList;
			buildConfigurations = (
				B1A19C6A0F86F4544890609C /* Debug */,
				2B04158DFB212C311080275D /* Release */,
			);
			defaultConfigurationIsVisible = 0;
			defaultConfigurationName = Debug;
		};
		F57BF79F5503AAD3B8BC8F05 /* Build configuration list for PBXNativeTarget "ShareToAnything-macOS" */ = {
			isa = XCConfigurationList;
			buildConfigurations = (
				BE264C48830DBD05EC955098 /* Debug */,
				46D422BC0D1ABBEA1A6FDB4C /* Release */,
			);
			defaultConfigurationIsVisible = 0;
			defaultConfigurationName = Debug;
		};
		FA5CBB0622EDFE143B012E1D /* Build configuration list for PBXProject "ShareToAnything" */ = {
			isa = XCConfigurationList;
			buildConfigurations = (
				685E5A2FA7070FE3C2DFAED7 /* Debug */,
				7AA332BA9C5E0C8531EA50AA /* Release */,
			);
			defaultConfigurationIsVisible = 0;
			defaultConfigurationName = Debug;
		};
/* End XCConfigurationList section */

/* Begin XCLocalSwiftPackageReference section */
		68BD40A314F442549FCBB9F8 /* XCLocalSwiftPackageReference "Packages/SendKit" */ = {
			isa = XCLocalSwiftPackageReference;
			relativePath = Packages/SendKit;
		};
/* End XCLocalSwiftPackageReference section */

/* Begin XCSwiftPackageProductDependency section */
		01BC63AE7484680E2AA67593 /* SendKit */ = {
			isa = XCSwiftPackageProductDependency;
			productName = SendKit;
		};
		1217ED5FED6092542A56EEF4 /* SendKit */ = {
			isa = XCSwiftPackageProductDependency;
			productName = SendKit;
		};
		277CD3EAAB4C7F8833283789 /* SendKitUI */ = {
			isa = XCSwiftPackageProductDependency;
			productName = SendKitUI;
		};
		2DBC0555599AE1368D6D64A9 /* SendKitUI */ = {
			isa = XCSwiftPackageProductDependency;
			productName = SendKitUI;
		};
		3B02C6714519F1008E62246D /* SendKit */ = {
			isa = XCSwiftPackageProductDependency;
			productName = SendKit;
		};
		8EE7EC749436B51734CED2E7 /* SendKit */ = {
			isa = XCSwiftPackageProductDependency;
			productName = SendKit;
		};
		A2C60F763FBE2EA926FDC80F /* SendKit */ = {
			isa = XCSwiftPackageProductDependency;
			productName = SendKit;
		};
		DC80E9CCE540C491824E8E29 /* SendKitUI */ = {
			isa = XCSwiftPackageProductDependency;
			productName = SendKitUI;
		};
		F62D27355FCCA8C33E55A7CE /* SendKitUI */ = {
			isa = XCSwiftPackageProductDependency;
			productName = SendKitUI;
		};
/* End XCSwiftPackageProductDependency section */
	};
	rootObject = 7B0ECF8E7E5291EC6C6881E0 /* Project object */;
}
